
Microsoft Visual Studio Solution File, Format Version 12.00
# Visual Studio Version 17
VisualStudioVersion = 17.5.002.0
MinimumVisualStudioVersion = 10.0.40219.1
Project("{9A19103F-16F7-4668-BE54-9A1E7A4F7556}") = "trilha-net-fundamentos", "trilha-net-fundamentos.csproj", "{A79EC099-7C78-4302-B803-2C8C402D4BE4}"
EndProject
Global
	GlobalSection(SolutionConfigurationPlatforms) = preSolution
		Debug|Any CPU = Debug|Any CPU
		Release|Any CPU = Release|Any CPU
	EndGlobalSection
	GlobalSection(ProjectConfigurationPlatforms) = postSolution
		{A79EC099-7C78-4302-B803-2C8C402D4BE4}.Debug|Any CPU.ActiveCfg = Debug|Any CPU
		{A79EC099-7C78-4302-B803-2C8C402D4BE4}.Debug|Any CPU.Build.0 = Debug|Any CPU
		{A79EC099-7C78-4302-B803-2C8C402D4BE4}.Release|Any CPU.ActiveCfg = Release|Any CPU
		{A79EC099-7C78-4302-B803-2C8C402D4BE4}.Release|Any CPU.Build.0 = Release|Any CPU
	EndGlobalSection
	GlobalSection(SolutionProperties) = preSolution
		HideSolutionNode = FALSE
	EndGlobalSection
	GlobalSection(ExtensibilityGlobals) = postSolution
		SolutionGuid = {37CF3909-6E3D-4037-9C53-63B3F72B16E3}
	EndGlobalSection
EndGlobal
